<?xml version="1.0" encoding="utf-8"?>
<Project ToolsVersion="4.0" xmlns="http://schemas.microsoft.com/developer/msbuild/2003">
  <ItemGroup>
    <Filter Include="Source Files">
      <UniqueIdentifier>{4FC737F1-C7A5-4376-A066-2A32D752A2FF}</UniqueIdentifier>
      <Extensions>cpp;c;cc;cxx;def;odl;idl;hpj;bat;asm;asmx</Extensions>
    </Filter>
    <Filter Include="Header Files">
      <UniqueIdentifier>{93995380-89BD-4b04-88EB-625FBE52EBFB}</UniqueIdentifier>
      <Extensions>h;hpp;hxx;hm;inl;inc;xsd</Extensions>
    </Filter>
    <Filter Include="Resource Files">
      <UniqueIdentifier>{67DA6AB6-F800-4c08-8B7A-83BB121AAD01}</UniqueIdentifier>
      <Extensions>rc;ico;cur;bmp;dlg;rc2;rct;bin;rgs;gif;jpg;jpeg;jpe;resx;tiff;tif;png;wav;mfcribbon-ms</Extensions>
    </Filter>
  </ItemGroup>
  <ItemGroup>
    <ClCompile Include="gk_0.cpp">
      <Filter>Source Files</Filter>
    </ClCompile>
    <ClCompile Include="ChunkManager.cpp">
      <Filter>Source Files</Filter>
    </ClCompile>
    <ClCompile Include="Chunk.cpp">
      <Filter>Source Files</Filter>
    </ClCompile>
    <ClCompile Include="Block.cpp">
      <Filter>Source Files</Filter>
    </ClCompile>
    <ClCompile Include="Entity.cpp">
      <Filter>Source Files</Filter>
    </ClCompile>
    <ClCompile Include="functions.cpp">
      <Filter>Source Files</Filter>
    </ClCompile>
    <ClCompile Include="TerrainGen.cpp">
      <Filter>Source Files</Filter>
    </ClCompile>
    <ClCompile Include="Environment.cpp">
      <Filter>Source Files</Filter>
    </ClCompile>
  </ItemGroup>
  <ItemGroup>
    <ClInclude Include="ChunkManager.h">
      <Filter>Header Files</Filter>
    </ClInclude>
    <ClInclude Include="typedefs.h">
      <Filter>Header Files</Filter>
    </ClInclude>
    <ClInclude Include="defines.h">
      <Filter>Header Files</Filter>
    </ClInclude>
    <ClInclude Include="Filesystem.h">
      <Filter>Header Files</Filter>
    </ClInclude>
    <ClInclude Include="Chunk.h">
      <Filter>Header Files</Filter>
    </ClInclude>
    <ClInclude Include="Entity.h">
      <Filter>Header Files</Filter>
    </ClInclude>
    <ClInclude Include="Block.h">
      <Filter>Header Files</Filter>
    </ClInclude>
    <ClInclude Include="functions.h">
      <Filter>Header Files</Filter>
    </ClInclude>
    <ClInclude Include="Environment.h">
      <Filter>Header Files</Filter>
    </ClInclude>
    <ClInclude Include="TerrainGen.h">
      <Filter>Header Files</Filter>
    </ClInclude>
    <ClInclude Include="Perlin.h">
      <Filter>Header Files</Filter>
    </ClInclude>
    <ClInclude Include="BlockColors.h">
      <Filter>Header Files</Filter>
    </ClInclude>
    <ClInclude Include="gcem.hpp">
      <Filter>Header Files</Filter>
    </ClInclude>
    <ClInclude Include="gcem_incl\abs.hpp">
      <Filter>Resource Files</Filter>
    </ClInclude>
    <ClInclude Include="gcem_incl\acos.hpp">
      <Filter>Resource Files</Filter>
    </ClInclude>
    <ClInclude Include="gcem_incl\acosh.hpp">
      <Filter>Resource Files</Filter>
    </ClInclude>
    <ClInclude Include="gcem_incl\asin.hpp">
      <Filter>Resource Files</Filter>
    </ClInclude>
    <ClInclude Include="gcem_incl\asinh.hpp">
      <Filter>Resource Files</Filter>
    </ClInclude>
    <ClInclude Include="gcem_incl\atan.hpp">
      <Filter>Resource Files</Filter>
    </ClInclude>
    <ClInclude Include="gcem_incl\atan2.hpp">
      <Filter>Resource Files</Filter>
    </ClInclude>
    <ClInclude Include="gcem_incl\atanh.hpp">
      <Filter>Resource Files</Filter>
    </ClInclude>
    <ClInclude Include="gcem_incl\beta.hpp">
      <Filter>Resource Files</Filter>
    </ClInclude>
    <ClInclude Include="gcem_incl\binomial_coef.hpp">
      <Filter>Resource Files</Filter>
    </ClInclude>
    <ClInclude Include="gcem_incl\ceil.hpp">
      <Filter>Resource Files</Filter>
    </ClInclude>
    <ClInclude Include="gcem_incl\copysign.hpp">
      <Filter>Resource Files</Filter>
    </ClInclude>
    <ClInclude Include="gcem_incl\cos.hpp">
      <Filter>Resource Files</Filter>
    </ClInclude>
    <ClInclude Include="gcem_incl\cosh.hpp">
      <Filter>Resource Files</Filter>
    </ClInclude>
    <ClInclude Include="gcem_incl\erf.hpp">
      <Filter>Resource Files</Filter>
    </ClInclude>
    <ClInclude Include="gcem_incl\erf_inv.hpp">
      <Filter>Resource Files</Filter>
    </ClInclude>
    <ClInclude Include="gcem_incl\exp.hpp">
      <Filter>Resource Files</Filter>
    </ClInclude>
    <ClInclude Include="gcem_incl\expm1.hpp">
      <Filter>Resource Files</Filter>
    </ClInclude>
    <ClInclude Include="gcem_incl\factorial.hpp">
      <Filter>Resource Files</Filter>
    </ClInclude>
    <ClInclude Include="gcem_incl\find_exponent.hpp">
      <Filter>Resource Files</Filter>
    </ClInclude>
    <ClInclude Include="gcem_incl\find_fraction.hpp">
      <Filter>Resource Files</Filter>
    </ClInclude>
    <ClInclude Include="gcem_incl\find_whole.hpp">
      <Filter>Resource Files</Filter>
    </ClInclude>
    <ClInclude Include="gcem_incl\floor.hpp">
      <Filter>Resource Files</Filter>
    </ClInclude>
    <ClInclude Include="gcem_incl\fmod.hpp">
      <Filter>Resource Files</Filter>
    </ClInclude>
    <ClInclude Include="gcem_incl\gcd.hpp">
      <Filter>Resource Files</Filter>
    </ClInclude>
    <ClInclude Include="gcem_incl\gcem_options.hpp">
      <Filter>Resource Files</Filter>
    </ClInclude>
    <ClInclude Include="gcem_incl\incomplete_beta.hpp">
      <Filter>Resource Files</Filter>
    </ClInclude>
    <ClInclude Include="gcem_incl\incomplete_beta_inv.hpp">
      <Filter>Resource Files</Filter>
    </ClInclude>
    <ClInclude Include="gcem_incl\incomplete_gamma.hpp">
      <Filter>Resource Files</Filter>
    </ClInclude>
    <ClInclude Include="gcem_incl\incomplete_gamma_inv.hpp">
      <Filter>Resource Files</Filter>
    </ClInclude>
    <ClInclude Include="gcem_incl\is_even.hpp">
      <Filter>Resource Files</Filter>
    </ClInclude>
    <ClInclude Include="gcem_incl\is_finite.hpp">
      <Filter>Resource Files</Filter>
    </ClInclude>
    <ClInclude Include="gcem_incl\is_inf.hpp">
      <Filter>Resource Files</Filter>
    </ClInclude>
    <ClInclude Include="gcem_incl\is_nan.hpp">
      <Filter>Resource Files</Filter>
    </ClInclude>
    <ClInclude Include="gcem_incl\is_odd.hpp">
      <Filter>Resource Files</Filter>
    </ClInclude>
    <ClInclude Include="gcem_incl\lbeta.hpp">
      <Filter>Resource Files</Filter>
    </ClInclude>
    <ClInclude Include="gcem_incl\lcm.hpp">
      <Filter>Resource Files</Filter>
    </ClInclude>
    <ClInclude Include="gcem_incl\lgamma.hpp">
      <Filter>Resource Files</Filter>
    </ClInclude>
    <ClInclude Include="gcem_incl\lmgamma.hpp">
      <Filter>Resource Files</Filter>
    </ClInclude>
    <ClInclude Include="gcem_incl\log.hpp">
      <Filter>Resource Files</Filter>
    </ClInclude>
    <ClInclude Include="gcem_incl\log_binomial_coef.hpp">
      <Filter>Resource Files</Filter>
    </ClInclude>
    <ClInclude Include="gcem_incl\log1p.hpp">
      <Filter>Resource Files</Filter>
    </ClInclude>
    <ClInclude Include="gcem_incl\log2.hpp">
      <Filter>Resource Files</Filter>
    </ClInclude>
    <ClInclude Include="gcem_incl\log10.hpp">
      <Filter>Resource Files</Filter>
    </ClInclude>
    <ClInclude Include="gcem_incl\mantissa.hpp">
      <Filter>Resource Files</Filter>
    </ClInclude>
    <ClInclude Include="gcem_incl\max.hpp">
      <Filter>Resource Files</Filter>
    </ClInclude>
    <ClInclude Include="gcem_incl\min.hpp">
      <Filter>Resource Files</Filter>
    </ClInclude>
    <ClInclude Include="gcem_incl\neg_zero.hpp">
      <Filter>Resource Files</Filter>
    </ClInclude>
    <ClInclude Include="gcem_incl\pow.hpp">
      <Filter>Resource Files</Filter>
    </ClInclude>
    <ClInclude Include="gcem_incl\pow_integral.hpp">
      <Filter>Resource Files</Filter>
    </ClInclude>
    <ClInclude Include="gcem_incl\round.hpp">
      <Filter>Resource Files</Filter>
    </ClInclude>
    <ClInclude Include="gcem_incl\sgn.hpp">
      <Filter>Resource Files</Filter>
    </ClInclude>
    <ClInclude Include="gcem_incl\signbit.hpp">
      <Filter>Resource Files</Filter>
    </ClInclude>
    <ClInclude Include="gcem_incl\sin.hpp">
      <Filter>Resource Files</Filter>
    </ClInclude>
    <ClInclude Include="gcem_incl\sinh.hpp">
      <Filter>Resource Files</Filter>
    </ClInclude>
    <ClInclude Include="gcem_incl\sqrt.hpp">
      <Filter>Resource Files</Filter>
    </ClInclude>
    <ClInclude Include="gcem_incl\tan.hpp">
      <Filter>Resource Files</Filter>
    </ClInclude>
    <ClInclude Include="gcem_incl\tanh.hpp">
      <Filter>Resource Files</Filter>
    </ClInclude>
    <ClInclude Include="gcem_incl\tgamma.hpp">
      <Filter>Resource Files</Filter>
    </ClInclude>
    <ClInclude Include="gcem_incl\trunc.hpp">
      <Filter>Resource Files</Filter>
    </ClInclude>
  </ItemGroup>
  <ItemGroup>
    <CopyFileToFolders Include="FastNoise2_32\bin\FastNoise.dll">
      <Filter>Resource Files</Filter>
    </CopyFileToFolders>
    <CopyFileToFolders Include="FastNoise2_32\bin\FastNoiseD.dll">
      <Filter>Resource Files</Filter>
    </CopyFileToFolders>
  </ItemGroup>
</Project>